
Microsoft Visual Studio Solution File, Format Version 12.00
# Visual Studio Version 16
VisualStudioVersion = 16.0.33927.289
MinimumVisualStudioVersion = 10.0.40219.1
Project("{2150E333-8FDC-42A3-9474-1A3956D46DE8}") = "Task0", "Task0", "{8D24F663-E57D-426E-9E19-0BD62C05A022}"
EndProject
Project("{FAE04EC0-301F-11D3-BF4B-00C04F79EFBC}") = "Tyuiu.KalimullinaAH.Sprint1.Task0.V19", "Tyuiu.KalimullinaAH.Sprint1.Task0.V19\Tyuiu.KalimullinaAH.Sprint1.Task0.V19.csproj", "{A1A81D2F-3AAC-43C7-84F0-7BEC5B4BF0ED}"
EndProject
Project("{FAE04EC0-301F-11D3-BF4B-00C04F79EFBC}") = "Tyuiu.KalimullinaAH.Sprint1.Task0.V19.Test", "Tyuiu.KalimullinaAH.Sprint1.Task0.V19.Test\Tyuiu.KalimullinaAH.Sprint1.Task0.V19.Test.csproj", "{D3A24241-895D-4F71-A07F-8EE3E04EB133}"
EndProject
Project("{FAE04EC0-301F-11D3-BF4B-00C04F79EFBC}") = "Tyuiu.KalimullinaAH.Sprint1.Task0.V19.Lib", "Tyuiu.KalimullinaAH.Sprint1.Task0.V19.Lib\Tyuiu.KalimullinaAH.Sprint1.Task0.V19.Lib.csproj", "{EE2B7815-AB79-4297-92EC-BC286753C2D4}"
EndProject
Project("{2150E333-8FDC-42A3-9474-1A3956D46DE8}") = "Task1", "Task1", "{BC1ED9A1-6A19-4B66-9EF2-EBE4C8F502E6}"
EndProject
Project("{FAE04EC0-301F-11D3-BF4B-00C04F79EFBC}") = "Tyuiu.KalimullinaAH.Sprint1.Task1.V11", "Tyuiu.KalimullinaAH.Sprint1.Task1.V11\Tyuiu.KalimullinaAH.Sprint1.Task1.V11.csproj", "{D77ECB56-E278-45F4-A1D4-090D43816E33}"
EndProject
Project("{FAE04EC0-301F-11D3-BF4B-00C04F79EFBC}") = "Tyuiu.KalimullinaAH.Sprint1.Task1.V11.Lib", "Tyuiu.KalimullinaAH.Sprint1.Task1.V11.Lib\Tyuiu.KalimullinaAH.Sprint1.Task1.V11.Lib.csproj", "{361AF536-83C7-4EF0-A27B-A8117834626E}"
EndProject
Project("{FAE04EC0-301F-11D3-BF4B-00C04F79EFBC}") = "Tyuiu.KalimullinaAH.Sprint1.Task1.V11.Test", "Tyuiu.KalimullinaAH.Sprint1.Task1.V11.Test\Tyuiu.KalimullinaAH.Sprint1.Task1.V11.Test.csproj", "{6FF78C62-DBA4-40E5-B445-4726E0FA76DD}"
EndProject
Project("{2150E333-8FDC-42A3-9474-1A3956D46DE8}") = "Task2", "Task2", "{4942ACFF-BB11-483D-8157-8DBA7CD0DF43}"
EndProject
Project("{FAE04EC0-301F-11D3-BF4B-00C04F79EFBC}") = "Tyuiu.KalimullinaAH.Sprint1.Task2.V21.Test", "Tyuiu.KalimullinaAH.Sprint1.Task2.V21.Test\Tyuiu.KalimullinaAH.Sprint1.Task2.V21.Test.csproj", "{FEEFF443-2EEF-4E81-A044-C2EBBBEAC7BD}"
EndProject
Project("{FAE04EC0-301F-11D3-BF4B-00C04F79EFBC}") = "Tyuiu.KalimullinaAH.Sprint1.Task2.V21.Lib", "Tyuiu.KalimullinaAH.Sprint1.Task2.V21.Lib\Tyuiu.KalimullinaAH.Sprint1.Task2.V21.Lib.csproj", "{B8BF4FFD-AAE4-4663-8759-64022ED8C8EC}"
EndProject
Project("{FAE04EC0-301F-11D3-BF4B-00C04F79EFBC}") = "Tyuiu.KalimullinaAH.Sprint1.Task2.V21", "Tyuiu.KalimullinaAH.Sprint1.Task2.V21\Tyuiu.KalimullinaAH.Sprint1.Task2.V21.csproj", "{FE91DD46-5472-44FF-A35A-449A291B5C20}"
EndProject
Project("{2150E333-8FDC-42A3-9474-1A3956D46DE8}") = "Task3", "Task3", "{C00CE1FF-1A00-44FE-B4E8-5720FB80879D}"
EndProject
Project("{FAE04EC0-301F-11D3-BF4B-00C04F79EFBC}") = "Tyuiu.KalimullinaAH.Sprint1.Task3.V13.Lib", "Tyuiu.KalimullinaAH.Sprint1.Task3.V13.Lib\Tyuiu.KalimullinaAH.Sprint1.Task3.V13.Lib.csproj", "{CCCDCCF6-BB6B-4654-BAB4-E8827251699F}"
EndProject
Project("{FAE04EC0-301F-11D3-BF4B-00C04F79EFBC}") = "Tyuiu.KalimullinaAH.Sprint1.Task3.V13", "Tyuiu.KalimullinaAH.Sprint1.Task3.V13\Tyuiu.KalimullinaAH.Sprint1.Task3.V13.csproj", "{A087E57B-FD9B-442A-AC49-DEBC563801D9}"
EndProject
Project("{FAE04EC0-301F-11D3-BF4B-00C04F79EFBC}") = "Tyuiu.KalimullinaAH.Sprint1.Task3.V13.Test", "Tyuiu.KalimullinaAH.Sprint1.Task3.V13.Test\Tyuiu.KalimullinaAH.Sprint1.Task3.V13.Test.csproj", "{713265E3-C7FA-42F7-A19E-D45D750B78E3}"
EndProject
Project("{2150E333-8FDC-42A3-9474-1A3956D46DE8}") = "Task4", "Task4", "{0C754444-BF8F-4BEF-AAB9-C5084E81022C}"
EndProject
Project("{FAE04EC0-301F-11D3-BF4B-00C04F79EFBC}") = "Tyuiu.KalimullinaAH.Sprint1.Task4.V12.Lib", "Tyuiu.KalimullinaAH.Sprint1.Task4.V12.Lib\Tyuiu.KalimullinaAH.Sprint1.Task4.V12.Lib.csproj", "{9B4A452B-F6B8-4028-B3F7-DB80082BE31F}"
EndProject
Project("{FAE04EC0-301F-11D3-BF4B-00C04F79EFBC}") = "Tyuiu.KalimullinaAH.Sprint1.Task4.V12.Test", "Tyuiu.KalimullinaAH.Sprint1.Task4.V12.Test\Tyuiu.KalimullinaAH.Sprint1.Task4.V12.Test.csproj", "{B3277F5A-695A-45E1-A6B6-8C3A59BAE188}"
EndProject
Project("{FAE04EC0-301F-11D3-BF4B-00C04F79EFBC}") = "Tyuiu.KalimullinaAH.Sprint1.Task4.V12", "Tyuiu.KalimullinaAH.Sprint1.Task4.V12\Tyuiu.KalimullinaAH.Sprint1.Task4.V12.csproj", "{71F808A9-CC73-4DD9-B551-083F667C243F}"
EndProject
Project("{2150E333-8FDC-42A3-9474-1A3956D46DE8}") = "Task5", "Task5", "{369F2C8F-8994-49B1-BA53-F59E0F905AB5}"
EndProject
Project("{FAE04EC0-301F-11D3-BF4B-00C04F79EFBC}") = "Tyuiu.KalimullinaAH.Sprint1.Task5.V1", "Tyuiu.KalimullinaAH.Sprint1.Task5.V1\Tyuiu.KalimullinaAH.Sprint1.Task5.V1.csproj", "{C09F3F4E-9955-4028-834A-2B7A06066830}"
EndProject
Project("{FAE04EC0-301F-11D3-BF4B-00C04F79EFBC}") = "Tyuiu.KalimullinaAH.Sprint1.Task5.V1.Test", "Tyuiu.KalimullinaAH.Sprint1.Task5.V1.Test\Tyuiu.KalimullinaAH.Sprint1.Task5.V1.Test.csproj", "{BD8373DC-1137-4558-912A-58F025A98EFA}"
EndProject
Project("{FAE04EC0-301F-11D3-BF4B-00C04F79EFBC}") = "Tyuiu.KalimullinaAH.Sprint1.Task5.V1.Lib", "Tyuiu.KalimullinaAH.Sprint1.Task5.V1.Lib\Tyuiu.KalimullinaAH.Sprint1.Task5.V1.Lib.csproj", "{93CC7237-DC84-4D5C-A5F6-A46396C3440D}"
EndProject
Project("{2150E333-8FDC-42A3-9474-1A3956D46DE8}") = "Task6", "Task6", "{6DC1CD97-6227-43C4-8974-A6DF85E92D15}"
EndProject
Project("{FAE04EC0-301F-11D3-BF4B-00C04F79EFBC}") = "Tyuiu.KalimullinaAH.Sprint1.Task6.V10", "Tyuiu.KalimullinaAH.Sprint1.Task6.V10\Tyuiu.KalimullinaAH.Sprint1.Task6.V10.csproj", "{16969CC8-9F44-45DE-8792-63E0DBCEEB58}"
EndProject
Project("{FAE04EC0-301F-11D3-BF4B-00C04F79EFBC}") = "Tyuiu.KalimullinaAH.Sprint1.Task6.V10.Lib", "Tyuiu.KalimullinaAH.Sprint1.Task6.V10.Lib\Tyuiu.KalimullinaAH.Sprint1.Task6.V10.Lib.csproj", "{07B84A56-8FD6-4D28-9A2E-FA78E7E52720}"
EndProject
Project("{FAE04EC0-301F-11D3-BF4B-00C04F79EFBC}") = "Tyuiu.KalimullinaAH.Sprint1.Task6.V10.Test", "Tyuiu.KalimullinaAH.Sprint1.Task6.V10.Test\Tyuiu.KalimullinaAH.Sprint1.Task6.V10.Test.csproj", "{FE9AEDD8-3116-4A59-9B3C-3BC33EFBADB4}"
EndProject
Project("{2150E333-8FDC-42A3-9474-1A3956D46DE8}") = "Task7", "Task7", "{32DA367C-ACAD-45CE-93EF-7420B0833C5D}"
EndProject
Project("{FAE04EC0-301F-11D3-BF4B-00C04F79EFBC}") = "Tyuiu.KalimullinaAH.Sprint1.Task7.V11", "Tyuiu.KalimullinaAH.Sprint1.Task7.V11\Tyuiu.KalimullinaAH.Sprint1.Task7.V11.csproj", "{2D7AB4F1-1EAB-440A-B39F-D32B215424A8}"
EndProject
Project("{FAE04EC0-301F-11D3-BF4B-00C04F79EFBC}") = "Tyuiu.KalimullinaAH.Sprint1.Task7.V11.Test", "Tyuiu.KalimullinaAH.Sprint1.Task7.V11.Test\Tyuiu.KalimullinaAH.Sprint1.Task7.V11.Test.csproj", "{C160BA82-61DD-4DA1-B190-1F5469B1982A}"
EndProject
Project("{FAE04EC0-301F-11D3-BF4B-00C04F79EFBC}") = "Tyuiu.KalimullinaAH.Sprint1.Task7.V11.Lib", "Tyuiu.KalimullinaAH.Sprint1.Task7.V11.Lib\Tyuiu.KalimullinaAH.Sprint1.Task7.V11.Lib.csproj", "{E847066F-238E-4E75-B227-471EB1BA253F}"
EndProject
Global
	GlobalSection(SolutionConfigurationPlatforms) = preSolution
		Debug|Any CPU = Debug|Any CPU
		Release|Any CPU = Release|Any CPU
	EndGlobalSection
	GlobalSection(ProjectConfigurationPlatforms) = postSolution
		{A1A81D2F-3AAC-43C7-84F0-7BEC5B4BF0ED}.Debug|Any CPU.ActiveCfg = Debug|Any CPU
		{A1A81D2F-3AAC-43C7-84F0-7BEC5B4BF0ED}.Debug|Any CPU.Build.0 = Debug|Any CPU
		{A1A81D2F-3AAC-43C7-84F0-7BEC5B4BF0ED}.Release|Any CPU.ActiveCfg = Release|Any CPU
		{A1A81D2F-3AAC-43C7-84F0-7BEC5B4BF0ED}.Release|Any CPU.Build.0 = Release|Any CPU
		{D3A24241-895D-4F71-A07F-8EE3E04EB133}.Debug|Any CPU.ActiveCfg = Debug|Any CPU
		{D3A24241-895D-4F71-A07F-8EE3E04EB133}.Debug|Any CPU.Build.0 = Debug|Any CPU
		{D3A24241-895D-4F71-A07F-8EE3E04EB133}.Release|Any CPU.ActiveCfg = Release|Any CPU
		{D3A24241-895D-4F71-A07F-8EE3E04EB133}.Release|Any CPU.Build.0 = Release|Any CPU
		{EE2B7815-AB79-4297-92EC-BC286753C2D4}.Debug|Any CPU.ActiveCfg = Debug|Any CPU
		{EE2B7815-AB79-4297-92EC-BC286753C2D4}.Debug|Any CPU.Build.0 = Debug|Any CPU
		{EE2B7815-AB79-4297-92EC-BC286753C2D4}.Release|Any CPU.ActiveCfg = Release|Any CPU
		{EE2B7815-AB79-4297-92EC-BC286753C2D4}.Release|Any CPU.Build.0 = Release|Any CPU
		{D77ECB56-E278-45F4-A1D4-090D43816E33}.Debug|Any CPU.ActiveCfg = Debug|Any CPU
		{D77ECB56-E278-45F4-A1D4-090D43816E33}.Debug|Any CPU.Build.0 = Debug|Any CPU
		{D77ECB56-E278-45F4-A1D4-090D43816E33}.Release|Any CPU.ActiveCfg = Release|Any CPU
		{D77ECB56-E278-45F4-A1D4-090D43816E33}.Release|Any CPU.Build.0 = Release|Any CPU
		{361AF536-83C7-4EF0-A27B-A8117834626E}.Debug|Any CPU.ActiveCfg = Debug|Any CPU
		{361AF536-83C7-4EF0-A27B-A8117834626E}.Debug|Any CPU.Build.0 = Debug|Any CPU
		{361AF536-83C7-4EF0-A27B-A8117834626E}.Release|Any CPU.ActiveCfg = Release|Any CPU
		{361AF536-83C7-4EF0-A27B-A8117834626E}.Release|Any CPU.Build.0 = Release|Any CPU
		{6FF78C62-DBA4-40E5-B445-4726E0FA76DD}.Debug|Any CPU.ActiveCfg = Debug|Any CPU
		{6FF78C62-DBA4-40E5-B445-4726E0FA76DD}.Debug|Any CPU.Build.0 = Debug|Any CPU
		{6FF78C62-DBA4-40E5-B445-4726E0FA76DD}.Release|Any CPU.ActiveCfg = Release|Any CPU
		{6FF78C62-DBA4-40E5-B445-4726E0FA76DD}.Release|Any CPU.Build.0 = Release|Any CPU
		{FEEFF443-2EEF-4E81-A044-C2EBBBEAC7BD}.Debug|Any CPU.ActiveCfg = Debug|Any CPU
		{FEEFF443-2EEF-4E81-A044-C2EBBBEAC7BD}.Debug|Any CPU.Build.0 = Debug|Any CPU
		{FEEFF443-2EEF-4E81-A044-C2EBBBEAC7BD}.Release|Any CPU.ActiveCfg = Release|Any CPU
		{FEEFF443-2EEF-4E81-A044-C2EBBBEAC7BD}.Release|Any CPU.Build.0 = Release|Any CPU
		{B8BF4FFD-AAE4-4663-8759-64022ED8C8EC}.Debug|Any CPU.ActiveCfg = Debug|Any CPU
		{B8BF4FFD-AAE4-4663-8759-64022ED8C8EC}.Debug|Any CPU.Build.0 = Debug|Any CPU
		{B8BF4FFD-AAE4-4663-8759-64022ED8C8EC}.Release|Any CPU.ActiveCfg = Release|Any CPU
		{B8BF4FFD-AAE4-4663-8759-64022ED8C8EC}.Release|Any CPU.Build.0 = Release|Any CPU
		{FE91DD46-5472-44FF-A35A-449A291B5C20}.Debug|Any CPU.ActiveCfg = Debug|Any CPU
		{FE91DD46-5472-44FF-A35A-449A291B5C20}.Debug|Any CPU.Build.0 = Debug|Any CPU
		{FE91DD46-5472-44FF-A35A-449A291B5C20}.Release|Any CPU.ActiveCfg = Release|Any CPU
		{FE91DD46-5472-44FF-A35A-449A291B5C20}.Release|Any CPU.Build.0 = Release|Any CPU
		{CCCDCCF6-BB6B-4654-BAB4-E8827251699F}.Debug|Any CPU.ActiveCfg = Debug|Any CPU
		{CCCDCCF6-BB6B-4654-BAB4-E8827251699F}.Debug|Any CPU.Build.0 = Debug|Any CPU
		{CCCDCCF6-BB6B-4654-BAB4-E8827251699F}.Release|Any CPU.ActiveCfg = Release|Any CPU
		{CCCDCCF6-BB6B-4654-BAB4-E8827251699F}.Release|Any CPU.Build.0 = Release|Any CPU
		{A087E57B-FD9B-442A-AC49-DEBC563801D9}.Debug|Any CPU.ActiveCfg = Debug|Any CPU
		{A087E57B-FD9B-442A-AC49-DEBC563801D9}.Debug|Any CPU.Build.0 = Debug|Any CPU
		{A087E57B-FD9B-442A-AC49-DEBC563801D9}.Release|Any CPU.ActiveCfg = Release|Any CPU
		{A087E57B-FD9B-442A-AC49-DEBC563801D9}.Release|Any CPU.Build.0 = Release|Any CPU
		{713265E3-C7FA-42F7-A19E-D45D750B78E3}.Debug|Any CPU.ActiveCfg = Debug|Any CPU
		{713265E3-C7FA-42F7-A19E-D45D750B78E3}.Debug|Any CPU.Build.0 = Debug|Any CPU
		{713265E3-C7FA-42F7-A19E-D45D750B78E3}.Release|Any CPU.ActiveCfg = Release|Any CPU
		{713265E3-C7FA-42F7-A19E-D45D750B78E3}.Release|Any CPU.Build.0 = Release|Any CPU
		{9B4A452B-F6B8-4028-B3F7-DB80082BE31F}.Debug|Any CPU.ActiveCfg = Debug|Any CPU
		{9B4A452B-F6B8-4028-B3F7-DB80082BE31F}.Debug|Any CPU.Build.0 = Debug|Any CPU
		{9B4A452B-F6B8-4028-B3F7-DB80082BE31F}.Release|Any CPU.ActiveCfg = Release|Any CPU
		{9B4A452B-F6B8-4028-B3F7-DB80082BE31F}.Release|Any CPU.Build.0 = Release|Any CPU
		{B3277F5A-695A-45E1-A6B6-8C3A59BAE188}.Debug|Any CPU.ActiveCfg = Debug|Any CPU
		{B3277F5A-695A-45E1-A6B6-8C3A59BAE188}.Debug|Any CPU.Build.0 = Debug|Any CPU
		{B3277F5A-695A-45E1-A6B6-8C3A59BAE188}.Release|Any CPU.ActiveCfg = Release|Any CPU
		{B3277F5A-695A-45E1-A6B6-8C3A59BAE188}.Release|Any CPU.Build.0 = Release|Any CPU
		{71F808A9-CC73-4DD9-B551-083F667C243F}.Debug|Any CPU.ActiveCfg = Debug|Any CPU
		{71F808A9-CC73-4DD9-B551-083F667C243F}.Debug|Any CPU.Build.0 = Debug|Any CPU
		{71F808A9-CC73-4DD9-B551-083F667C243F}.Release|Any CPU.ActiveCfg = Release|Any CPU
		{71F808A9-CC73-4DD9-B551-083F667C243F}.Release|Any CPU.Build.0 = Release|Any CPU
		{C09F3F4E-9955-4028-834A-2B7A06066830}.Debug|Any CPU.ActiveCfg = Debug|Any CPU
		{C09F3F4E-9955-4028-834A-2B7A06066830}.Debug|Any CPU.Build.0 = Debug|Any CPU
		{C09F3F4E-9955-4028-834A-2B7A06066830}.Release|Any CPU.ActiveCfg = Release|Any CPU
		{C09F3F4E-9955-4028-834A-2B7A06066830}.Release|Any CPU.Build.0 = Release|Any CPU
		{BD8373DC-1137-4558-912A-58F025A98EFA}.Debug|Any CPU.ActiveCfg = Debug|Any CPU
		{BD8373DC-1137-4558-912A-58F025A98EFA}.Debug|Any CPU.Build.0 = Debug|Any CPU
		{BD8373DC-1137-4558-912A-58F025A98EFA}.Release|Any CPU.ActiveCfg = Release|Any CPU
		{BD8373DC-1137-4558-912A-58F025A98EFA}.Release|Any CPU.Build.0 = Release|Any CPU
		{93CC7237-DC84-4D5C-A5F6-A46396C3440D}.Debug|Any CPU.ActiveCfg = Debug|Any CPU
		{93CC7237-DC84-4D5C-A5F6-A46396C3440D}.Debug|Any CPU.Build.0 = Debug|Any CPU
		{93CC7237-DC84-4D5C-A5F6-A46396C3440D}.Release|Any CPU.ActiveCfg = Release|Any CPU
		{93CC7237-DC84-4D5C-A5F6-A46396C3440D}.Release|Any CPU.Build.0 = Release|Any CPU
		{16969CC8-9F44-45DE-8792-63E0DBCEEB58}.Debug|Any CPU.ActiveCfg = Debug|Any CPU
		{16969CC8-9F44-45DE-8792-63E0DBCEEB58}.Debug|Any CPU.Build.0 = Debug|Any CPU
		{16969CC8-9F44-45DE-8792-63E0DBCEEB58}.Release|Any CPU.ActiveCfg = Release|Any CPU
		{16969CC8-9F44-45DE-8792-63E0DBCEEB58}.Release|Any CPU.Build.0 = Release|Any CPU
		{07B84A56-8FD6-4D28-9A2E-FA78E7E52720}.Debug|Any CPU.ActiveCfg = Debug|Any CPU
		{07B84A56-8FD6-4D28-9A2E-FA78E7E52720}.Debug|Any CPU.Build.0 = Debug|Any CPU
		{07B84A56-8FD6-4D28-9A2E-FA78E7E52720}.Release|Any CPU.ActiveCfg = Release|Any CPU
		{07B84A56-8FD6-4D28-9A2E-FA78E7E52720}.Release|Any CPU.Build.0 = Release|Any CPU
		{FE9AEDD8-3116-4A59-9B3C-3BC33EFBADB4}.Debug|Any CPU.ActiveCfg = Debug|Any CPU
		{FE9AEDD8-3116-4A59-9B3C-3BC33EFBADB4}.Debug|Any CPU.Build.0 = Debug|Any CPU
		{FE9AEDD8-3116-4A59-9B3C-3BC33EFBADB4}.Release|Any CPU.ActiveCfg = Release|Any CPU
		{FE9AEDD8-3116-4A59-9B3C-3BC33EFBADB4}.Release|Any CPU.Build.0 = Release|Any CPU
		{2D7AB4F1-1EAB-440A-B39F-D32B215424A8}.Debug|Any CPU.ActiveCfg = Debug|Any CPU
		{2D7AB4F1-1EAB-440A-B39F-D32B215424A8}.Debug|Any CPU.Build.0 = Debug|Any CPU
		{2D7AB4F1-1EAB-440A-B39F-D32B215424A8}.Release|Any CPU.ActiveCfg = Release|Any CPU
		{2D7AB4F1-1EAB-440A-B39F-D32B215424A8}.Release|Any CPU.Build.0 = Release|Any CPU
		{C160BA82-61DD-4DA1-B190-1F5469B1982A}.Debug|Any CPU.ActiveCfg = Debug|Any CPU
		{C160BA82-61DD-4DA1-B190-1F5469B1982A}.Debug|Any CPU.Build.0 = Debug|Any CPU
		{C160BA82-61DD-4DA1-B190-1F5469B1982A}.Release|Any CPU.ActiveCfg = Release|Any CPU
		{C160BA82-61DD-4DA1-B190-1F5469B1982A}.Release|Any CPU.Build.0 = Release|Any CPU
		{E847066F-238E-4E75-B227-471EB1BA253F}.Debug|Any CPU.ActiveCfg = Debug|Any CPU
		{E847066F-238E-4E75-B227-471EB1BA253F}.Debug|Any CPU.Build.0 = Debug|Any CPU
		{E847066F-238E-4E75-B227-471EB1BA253F}.Release|Any CPU.ActiveCfg = Release|Any CPU
		{E847066F-238E-4E75-B227-471EB1BA253F}.Release|Any CPU.Build.0 = Release|Any CPU
	EndGlobalSection
	GlobalSection(SolutionProperties) = preSolution
		HideSolutionNode = FALSE
	EndGlobalSection
	GlobalSection(NestedProjects) = preSolution
		{A1A81D2F-3AAC-43C7-84F0-7BEC5B4BF0ED} = {8D24F663-E57D-426E-9E19-0BD62C05A022}
		{D3A24241-895D-4F71-A07F-8EE3E04EB133} = {8D24F663-E57D-426E-9E19-0BD62C05A022}
		{EE2B7815-AB79-4297-92EC-BC286753C2D4} = {8D24F663-E57D-426E-9E19-0BD62C05A022}
		{D77ECB56-E278-45F4-A1D4-090D43816E33} = {BC1ED9A1-6A19-4B66-9EF2-EBE4C8F502E6}
		{361AF536-83C7-4EF0-A27B-A8117834626E} = {BC1ED9A1-6A19-4B66-9EF2-EBE4C8F502E6}
		{6FF78C62-DBA4-40E5-B445-4726E0FA76DD} = {BC1ED9A1-6A19-4B66-9EF2-EBE4C8F502E6}
		{FEEFF443-2EEF-4E81-A044-C2EBBBEAC7BD} = {4942ACFF-BB11-483D-8157-8DBA7CD0DF43}
		{B8BF4FFD-AAE4-4663-8759-64022ED8C8EC} = {4942ACFF-BB11-483D-8157-8DBA7CD0DF43}
		{FE91DD46-5472-44FF-A35A-449A291B5C20} = {4942ACFF-BB11-483D-8157-8DBA7CD0DF43}
		{CCCDCCF6-BB6B-4654-BAB4-E8827251699F} = {C00CE1FF-1A00-44FE-B4E8-5720FB80879D}
		{A087E57B-FD9B-442A-AC49-DEBC563801D9} = {C00CE1FF-1A00-44FE-B4E8-5720FB80879D}
		{713265E3-C7FA-42F7-A19E-D45D750B78E3} = {C00CE1FF-1A00-44FE-B4E8-5720FB80879D}
		{9B4A452B-F6B8-4028-B3F7-DB80082BE31F} = {0C754444-BF8F-4BEF-AAB9-C5084E81022C}
		{B3277F5A-695A-45E1-A6B6-8C3A59BAE188} = {0C754444-BF8F-4BEF-AAB9-C5084E81022C}
		{71F808A9-CC73-4DD9-B551-083F667C243F} = {0C754444-BF8F-4BEF-AAB9-C5084E81022C}
		{C09F3F4E-9955-4028-834A-2B7A06066830} = {369F2C8F-8994-49B1-BA53-F59E0F905AB5}
		{BD8373DC-1137-4558-912A-58F025A98EFA} = {369F2C8F-8994-49B1-BA53-F59E0F905AB5}
		{93CC7237-DC84-4D5C-A5F6-A46396C3440D} = {369F2C8F-8994-49B1-BA53-F59E0F905AB5}
		{16969CC8-9F44-45DE-8792-63E0DBCEEB58} = {6DC1CD97-6227-43C4-8974-A6DF85E92D15}
		{07B84A56-8FD6-4D28-9A2E-FA78E7E52720} = {6DC1CD97-6227-43C4-8974-A6DF85E92D15}
		{FE9AEDD8-3116-4A59-9B3C-3BC33EFBADB4} = {6DC1CD97-6227-43C4-8974-A6DF85E92D15}
		{2D7AB4F1-1EAB-440A-B39F-D32B215424A8} = {32DA367C-ACAD-45CE-93EF-7420B0833C5D}
		{C160BA82-61DD-4DA1-B190-1F5469B1982A} = {32DA367C-ACAD-45CE-93EF-7420B0833C5D}
		{E847066F-238E-4E75-B227-471EB1BA253F} = {32DA367C-ACAD-45CE-93EF-7420B0833C5D}
	EndGlobalSection
	GlobalSection(ExtensibilityGlobals) = postSolution
		SolutionGuid = {8ACF0CC3-472F-4254-9C33-359ECB3DFAD6}
	EndGlobalSection
EndGlobal
